// !$*UTF8*$!
{
	archiveVersion = 1;
	classes = {
	};
	objectVersion = 56;
	objects = {

/* Begin PBXBuildFile section */
		B63103522C28760700E3E6F5 /* SpotLLMApp.swift in Sources */ = {isa = PBXBuildFile; fileRef = B63103512C28760700E3E6F5 /* SpotLLMApp.swift */; };
		B63103542C28760700E3E6F5 /* ContentView.swift in Sources */ = {isa = PBXBuildFile; fileRef = B63103532C28760700E3E6F5 /* ContentView.swift */; };
		B63103562C28760800E3E6F5 /* Assets.xcassets in Resources */ = {isa = PBXBuildFile; fileRef = B63103552C28760800E3E6F5 /* Assets.xcassets */; };
		B63103592C28760800E3E6F5 /* Preview Assets.xcassets in Resources */ = {isa = PBXBuildFile; fileRef = B63103582C28760800E3E6F5 /* Preview Assets.xcassets */; };
		B63103642C28760800E3E6F5 /* SpotLLMTests.swift in Sources */ = {isa = PBXBuildFile; fileRef = B63103632C28760800E3E6F5 /* SpotLLMTests.swift */; };
		B631036E2C28760800E3E6F5 /* SpotLLMUITests.swift in Sources */ = {isa = PBXBuildFile; fileRef = B631036D2C28760800E3E6F5 /* SpotLLMUITests.swift */; };
		B63103702C28760800E3E6F5 /* SpotLLMUITestsLaunchTests.swift in Sources */ = {isa = PBXBuildFile; fileRef = B631036F2C28760800E3E6F5 /* SpotLLMUITestsLaunchTests.swift */; };
/* End PBXBuildFile section */

/* Begin PBXContainerItemProxy section */
		B63103602C28760800E3E6F5 /* PBXContainerItemProxy */ = {
			isa = PBXContainerItemProxy;
			containerPortal = B63103462C28760700E3E6F5 /* Project object */;
			proxyType = 1;
			remoteGlobalIDString = B631034D2C28760700E3E6F5;
			remoteInfo = SpotLLM;
		};
		B631036A2C28760800E3E6F5 /* PBXContainerItemProxy */ = {
			isa = PBXContainerItemProxy;
			containerPortal = B63103462C28760700E3E6F5 /* Project object */;
			proxyType = 1;
			remoteGlobalIDString = B631034D2C28760700E3E6F5;
			remoteInfo = SpotLLM;
		};
/* End PBXContainerItemProxy section */

/* Begin PBXFileReference section */
		B631034E2C28760700E3E6F5 /* SpotLLM.app */ = {isa = PBXFileReference; explicitFileType = wrapper.application; includeInIndex = 0; path = SpotLLM.app; sourceTree = BUILT_PRODUCTS_DIR; };
		B63103512C28760700E3E6F5 /* SpotLLMApp.swift */ = {isa = PBXFileReference; lastKnownFileType = sourcecode.swift; path = SpotLLMApp.swift; sourceTree = "<group>"; };
		B63103532C28760700E3E6F5 /* ContentView.swift */ = {isa = PBXFileReference; lastKnownFileType = sourcecode.swift; path = ContentView.swift; sourceTree = "<group>"; };
		B63103552C28760800E3E6F5 /* Assets.xcassets */ = {isa = PBXFileReference; lastKnownFileType = folder.assetcatalog; path = Assets.xcassets; sourceTree = "<group>"; };
		B63103582C28760800E3E6F5 /* Preview Assets.xcassets */ = {isa = PBXFileReference; lastKnownFileType = folder.assetcatalog; path = "Preview Assets.xcassets"; sourceTree = "<group>"; };
		B631035A2C28760800E3E6F5 /* SpotLLM.entitlements */ = {isa = PBXFileReference; lastKnownFileType = text.plist.entitlements; path = SpotLLM.entitlements; sourceTree = "<group>"; };
		B631035F2C28760800E3E6F5 /* SpotLLMTests.xctest */ = {isa = PBXFileReference; explicitFileType = wrapper.cfbundle; includeInIndex = 0; path = SpotLLMTests.xctest; sourceTree = BUILT_PRODUCTS_DIR; };
		B63103632C28760800E3E6F5 /* SpotLLMTests.swift */ = {isa = PBXFileReference; lastKnownFileType = sourcecode.swift; path = SpotLLMTests.swift; sourceTree = "<group>"; };
		B63103692C28760800E3E6F5 /* SpotLLMUITests.xctest */ = {isa = PBXFileReference; explicitFileType = wrapper.cfbundle; includeInIndex = 0; path = SpotLLMUITests.xctest; sourceTree = BUILT_PRODUCTS_DIR; };
		B631036D2C28760800E3E6F5 /* SpotLLMUITests.swift */ = {isa = PBXFileReference; lastKnownFileType = sourcecode.swift; path = SpotLLMUITests.swift; sourceTree = "<group>"; };
		B631036F2C28760800E3E6F5 /* SpotLLMUITestsLaunchTests.swift */ = {isa = PBXFileReference; lastKnownFileType = sourcecode.swift; path = SpotLLMUITestsLaunchTests.swift; sourceTree = "<group>"; };
/* End PBXFileReference section */

/* Begin PBXFrameworksBuildPhase section */
		B631034B2C28760700E3E6F5 /* Frameworks */ = {
			isa = PBXFrameworksBuildPhase;
			buildActionMask = 2147483647;
			files = (
			);
			runOnlyForDeploymentPostprocessing = 0;
		};
		B631035C2C28760800E3E6F5 /* Frameworks */ = {
			isa = PBXFrameworksBuildPhase;
			buildActionMask = 2147483647;
			files = (
			);
			runOnlyForDeploymentPostprocessing = 0;
		};
		B63103662C28760800E3E6F5 /* Frameworks */ = {
			isa = PBXFrameworksBuildPhase;
			buildActionMask = 2147483647;
			files = (
			);
			runOnlyForDeploymentPostprocessing = 0;
		};
/* End PBXFrameworksBuildPhase section */

/* Begin PBXGroup section */
		B63103452C28760700E3E6F5 = {
			isa = PBXGroup;
			children = (
				B63103502C28760700E3E6F5 /* SpotLLM */,
				B63103622C28760800E3E6F5 /* SpotLLMTests */,
				B631036C2C28760800E3E6F5 /* SpotLLMUITests */,
				B631034F2C28760700E3E6F5 /* Products */,
			);
			sourceTree = "<group>";
		};
		B631034F2C28760700E3E6F5 /* Products */ = {
			isa = PBXGroup;
			children = (
				B631034E2C28760700E3E6F5 /* SpotLLM.app */,
				B631035F2C28760800E3E6F5 /* SpotLLMTests.xctest */,
				B63103692C28760800E3E6F5 /* SpotLLMUITests.xctest */,
			);
			name = Products;
			sourceTree = "<group>";
		};
		B63103502C28760700E3E6F5 /* SpotLLM */ = {
			isa = PBXGroup;
			children = (
				B63103512C28760700E3E6F5 /* SpotLLMApp.swift */,
				B63103532C28760700E3E6F5 /* ContentView.swift */,
				B63103552C28760800E3E6F5 /* Assets.xcassets */,
				B631035A2C28760800E3E6F5 /* SpotLLM.entitlements */,
				B63103572C28760800E3E6F5 /* Preview Content */,
			);
			path = SpotLLM;
			sourceTree = "<group>";
		};
		B63103572C28760800E3E6F5 /* Preview Content */ = {
			isa = PBXGroup;
			children = (
				B63103582C28760800E3E6F5 /* Preview Assets.xcassets */,
			);
			path = "Preview Content";
			sourceTree = "<group>";
		};
		B63103622C28760800E3E6F5 /* SpotLLMTests */ = {
			isa = PBXGroup;
			children = (
				B63103632C28760800E3E6F5 /* SpotLLMTests.swift */,
			);
			path = SpotLLMTests;
			sourceTree = "<group>";
		};
		B631036C2C28760800E3E6F5 /* SpotLLMUITests */ = {
			isa = PBXGroup;
			children = (
				B631036D2C28760800E3E6F5 /* SpotLLMUITests.swift */,
				B631036F2C28760800E3E6F5 /* SpotLLMUITestsLaunchTests.swift */,
			);
			path = SpotLLMUITests;
			sourceTree = "<group>";
		};
/* End PBXGroup section */

/* Begin PBXNativeTarget section */
		B631034D2C28760700E3E6F5 /* SpotLLM */ = {
			isa = PBXNativeTarget;
			buildConfigurationList = B63103732C28760800E3E6F5 /* Build configuration list for PBXNativeTarget "SpotLLM" */;
			buildPhases = (
				B631034A2C28760700E3E6F5 /* Sources */,
				B631034B2C28760700E3E6F5 /* Frameworks */,
				B631034C2C28760700E3E6F5 /* Resources */,
			);
			buildRules = (
			);
			dependencies = (
			);
			name = SpotLLM;
			productName = SpotLLM;
			productReference = B631034E2C28760700E3E6F5 /* SpotLLM.app */;
			productType = "com.apple.product-type.application";
		};
		B631035E2C28760800E3E6F5 /* SpotLLMTests */ = {
			isa = PBXNativeTarget;
			buildConfigurationList = B63103762C28760800E3E6F5 /* Build configuration list for PBXNativeTarget "SpotLLMTests" */;
			buildPhases = (
				B631035B2C28760800E3E6F5 /* Sources */,
				B631035C2C28760800E3E6F5 /* Frameworks */,
				B631035D2C28760800E3E6F5 /* Resources */,
			);
			buildRules = (
			);
			dependencies = (
				B63103612C28760800E3E6F5 /* PBXTargetDependency */,
			);
			name = SpotLLMTests;
			productName = SpotLLMTests;
			productReference = B631035F2C28760800E3E6F5 /* SpotLLMTests.xctest */;
			productType = "com.apple.product-type.bundle.unit-test";
		};
		B63103682C28760800E3E6F5 /* SpotLLMUITests */ = {
			isa = PBXNativeTarget;
			buildConfigurationList = B63103792C28760800E3E6F5 /* Build configuration list for PBXNativeTarget "SpotLLMUITests" */;
			buildPhases = (
				B63103652C28760800E3E6F5 /* Sources */,
				B63103662C28760800E3E6F5 /* Frameworks */,
				B63103672C28760800E3E6F5 /* Resources */,
			);
			buildRules = (
			);
			dependencies = (
				B631036B2C28760800E3E6F5 /* PBXTargetDependency */,
			);
			name = SpotLLMUITests;
			productName = SpotLLMUITests;
			productReference = B63103692C28760800E3E6F5 /* SpotLLMUITests.xctest */;
			productType = "com.apple.product-type.bundle.ui-testing";
		};
/* End PBXNativeTarget section */

/* Begin PBXProject section */
		B63103462C28760700E3E6F5 /* Project object */ = {
			isa = PBXProject;
			attributes = {
				BuildIndependentTargetsInParallel = 1;
				LastSwiftUpdateCheck = 1530;
				LastUpgradeCheck = 1530;
				TargetAttributes = {
					B631034D2C28760700E3E6F5 = {
						CreatedOnToolsVersion = 15.3;
					};
					B631035E2C28760800E3E6F5 = {
						CreatedOnToolsVersion = 15.3;
						TestTargetID = B631034D2C28760700E3E6F5;
					};
					B63103682C28760800E3E6F5 = {
						CreatedOnToolsVersion = 15.3;
						TestTargetID = B631034D2C28760700E3E6F5;
					};
				};
			};
			buildConfigurationList = B63103492C28760700E3E6F5 /* Build configuration list for PBXProject "SpotLLM" */;
			compatibilityVersion = "Xcode 14.0";
			developmentRegion = en;
			hasScannedForEncodings = 0;
			knownRegions = (
				en,
				Base,
			);
			mainGroup = B63103452C28760700E3E6F5;
			productRefGroup = B631034F2C28760700E3E6F5 /* Products */;
			projectDirPath = "";
			projectRoot = "";
			targets = (
				B631034D2C28760700E3E6F5 /* SpotLLM */,
				B631035E2C28760800E3E6F5 /* SpotLLMTests */,
				B63103682C28760800E3E6F5 /* SpotLLMUITests */,
			);
		};
/* End PBXProject section */

/* Begin PBXResourcesBuildPhase section */
		B631034C2C28760700E3E6F5 /* Resources */ = {
			isa = PBXResourcesBuildPhase;
			buildActionMask = 2147483647;
			files = (
				B63103592C28760800E3E6F5 /* Preview Assets.xcassets in Resources */,
				B63103562C28760800E3E6F5 /* Assets.xcassets in Resources */,
			);
			runOnlyForDeploymentPostprocessing = 0;
		};
		B631035D2C28760800E3E6F5 /* Resources */ = {
			isa = PBXResourcesBuildPhase;
			buildActionMask = 2147483647;
			files = (
			);
			runOnlyForDeploymentPostprocessing = 0;
		};
		B63103672C28760800E3E6F5 /* Resources */ = {
			isa = PBXResourcesBuildPhase;
			buildActionMask = 2147483647;
			files = (
			);
			runOnlyForDeploymentPostprocessing = 0;
		};
/* End PBXResourcesBuildPhase section */

/* Begin PBXSourcesBuildPhase section */
		B631034A2C28760700E3E6F5 /* Sources */ = {
			isa = PBXSourcesBuildPhase;
			buildActionMask = 2147483647;
			files = (
				B63103542C28760700E3E6F5 /* ContentView.swift in Sources */,
				B63103522C28760700E3E6F5 /* SpotLLMApp.swift in Sources */,
			);
			runOnlyForDeploymentPostprocessing = 0;
		};
		B631035B2C28760800E3E6F5 /* Sources */ = {
			isa = PBXSourcesBuildPhase;
			buildActionMask = 2147483647;
			files = (
				B63103642C28760800E3E6F5 /* SpotLLMTests.swift in Sources */,
			);
			runOnlyForDeploymentPostprocessing = 0;
		};
		B63103652C28760800E3E6F5 /* Sources */ = {
			isa = PBXSourcesBuildPhase;
			buildActionMask = 2147483647;
			files = (
				B63103702C28760800E3E6F5 /* SpotLLMUITestsLaunchTests.swift in Sources */,
				B631036E2C28760800E3E6F5 /* SpotLLMUITests.swift in Sources */,
			);
			runOnlyForDeploymentPostprocessing = 0;
		};
/* End PBXSourcesBuildPhase section */

/* Begin PBXTargetDependency section */
		B63103612C28760800E3E6F5 /* PBXTargetDependency */ = {
			isa = PBXTargetDependency;
			target = B631034D2C28760700E3E6F5 /* SpotLLM */;
			targetProxy = B63103602C28760800E3E6F5 /* PBXContainerItemProxy */;
		};
		B631036B2C28760800E3E6F5 /* PBXTargetDependency */ = {
			isa = PBXTargetDependency;
			target = B631034D2C28760700E3E6F5 /* SpotLLM */;
			targetProxy = B631036A2C28760800E3E6F5 /* PBXContainerItemProxy */;
		};
/* End PBXTargetDependency section */

/* Begin XCBuildConfiguration section */
		B63103712C28760800E3E6F5 /* Debug */ = {
			isa = XCBuildConfiguration;
			buildSettings = {
				ALWAYS_SEARCH_USER_PATHS = NO;
				ASSETCATALOG_COMPILER_GENERATE_SWIFT_ASSET_SYMBOL_EXTENSIONS = YES;
				CLANG_ANALYZER_NONNULL = YES;
				CLANG_ANALYZER_NUMBER_OBJECT_CONVERSION = YES_AGGRESSIVE;
				CLANG_CXX_LANGUAGE_STANDARD = "gnu++20";
				CLANG_ENABLE_MODULES = YES;
				CLANG_ENABLE_OBJC_ARC = YES;
				CLANG_ENABLE_OBJC_WEAK = YES;
				CLANG_WARN_BLOCK_CAPTURE_AUTORELEASING = YES;
				CLANG_WARN_BOOL_CONVERSION = YES;
				CLANG_WARN_COMMA = YES;
				CLANG_WARN_CONSTANT_CONVERSION = YES;
				CLANG_WARN_DEPRECATED_OBJC_IMPLEMENTATIONS = YES;
				CLANG_WARN_DIRECT_OBJC_ISA_USAGE = YES_ERROR;
				CLANG_WARN_DOCUMENTATION_COMMENTS = YES;
				CLANG_WARN_EMPTY_BODY = YES;
				CLANG_WARN_ENUM_CONVERSION = YES;
				CLANG_WARN_INFINITE_RECURSION = YES;
				CLANG_WARN_INT_CONVERSION = YES;
				CLANG_WARN_NON_LITERAL_NULL_CONVERSION = YES;
				CLANG_WARN_OBJC_IMPLICIT_RETAIN_SELF = YES;
				CLANG_WARN_OBJC_LITERAL_CONVERSION = YES;
				CLANG_WARN_OBJC_ROOT_CLASS = YES_ERROR;
				CLANG_WARN_QUOTED_INCLUDE_IN_FRAMEWORK_HEADER = YES;
				CLANG_WARN_RANGE_LOOP_ANALYSIS = YES;
				CLANG_WARN_STRICT_PROTOTYPES = YES;
				CLANG_WARN_SUSPICIOUS_MOVE = YES;
				CLANG_WARN_UNGUARDED_AVAILABILITY = YES_AGGRESSIVE;
				CLANG_WARN_UNREACHABLE_CODE = YES;
				CLANG_WARN__DUPLICATE_METHOD_MATCH = YES;
				COPY_PHASE_STRIP = NO;
				DEBUG_INFORMATION_FORMAT = dwarf;
				ENABLE_STRICT_OBJC_MSGSEND = YES;
				ENABLE_TESTABILITY = YES;
				ENABLE_USER_SCRIPT_SANDBOXING = YES;
				GCC_C_LANGUAGE_STANDARD = gnu17;
				GCC_DYNAMIC_NO_PIC = NO;
				GCC_NO_COMMON_BLOCKS = YES;
				GCC_OPTIMIZATION_LEVEL = 0;
				GCC_PREPROCESSOR_DEFINITIONS = (
					"DEBUG=1",
					"$(inherited)",
				);
				GCC_WARN_64_TO_32_BIT_CONVERSION = YES;
				GCC_WARN_ABOUT_RETURN_TYPE = YES_ERROR;
				GCC_WARN_UNDECLARED_SELECTOR = YES;
				GCC_WARN_UNINITIALIZED_AUTOS = YES_AGGRESSIVE;
				GCC_WARN_UNUSED_FUNCTION = YES;
				GCC_WARN_UNUSED_VARIABLE = YES;
				LOCALIZATION_PREFERS_STRING_CATALOGS = YES;
				MACOSX_DEPLOYMENT_TARGET = 14.4;
				MTL_ENABLE_DEBUG_INFO = INCLUDE_SOURCE;
				MTL_FAST_MATH = YES;
				ONLY_ACTIVE_ARCH = YES;
				SDKROOT = macosx;
				SWIFT_ACTIVE_COMPILATION_CONDITIONS = "DEBUG $(inherited)";
				SWIFT_OPTIMIZATION_LEVEL = "-Onone";
			};
			name = Debug;
		};
		B63103722C28760800E3E6F5 /* Release */ = {
			isa = XCBuildConfiguration;
			buildSettings = {
				ALWAYS_SEARCH_USER_PATHS = NO;
				ASSETCATALOG_COMPILER_GENERATE_SWIFT_ASSET_SYMBOL_EXTENSIONS = YES;
				CLANG_ANALYZER_NONNULL = YES;
				CLANG_ANALYZER_NUMBER_OBJECT_CONVERSION = YES_AGGRESSIVE;
				CLANG_CXX_LANGUAGE_STANDARD = "gnu++20";
				CLANG_ENABLE_MODULES = YES;
				CLANG_ENABLE_OBJC_ARC = YES;
				CLANG_ENABLE_OBJC_WEAK = YES;
				CLANG_WARN_BLOCK_CAPTURE_AUTORELEASING = YES;
				CLANG_WARN_BOOL_CONVERSION = YES;
				CLANG_WARN_COMMA = YES;
				CLANG_WARN_CONSTANT_CONVERSION = YES;
				CLANG_WARN_DEPRECATED_OBJC_IMPLEMENTATIONS = YES;
				CLANG_WARN_DIRECT_OBJC_ISA_USAGE = YES_ERROR;
				CLANG_WARN_DOCUMENTATION_COMMENTS = YES;
				CLANG_WARN_EMPTY_BODY = YES;
				CLANG_WARN_ENUM_CONVERSION = YES;
				CLANG_WARN_INFINITE_RECURSION = YES;
				CLANG_WARN_INT_CONVERSION = YES;
				CLANG_WARN_NON_LITERAL_NULL_CONVERSION = YES;
				CLANG_WARN_OBJC_IMPLICIT_RETAIN_SELF = YES;
				CLANG_WARN_OBJC_LITERAL_CONVERSION = YES;
				CLANG_WARN_OBJC_ROOT_CLASS = YES_ERROR;
				CLANG_WARN_QUOTED_INCLUDE_IN_FRAMEWORK_HEADER = YES;
				CLANG_WARN_RANGE_LOOP_ANALYSIS = YES;
				CLANG_WARN_STRICT_PROTOTYPES = YES;
				CLANG_WARN_SUSPICIOUS_MOVE = YES;
				CLANG_WARN_UNGUARDED_AVAILABILITY = YES_AGGRESSIVE;
				CLANG_WARN_UNREACHABLE_CODE = YES;
				CLANG_WARN__DUPLICATE_METHOD_MATCH = YES;
				COPY_PHASE_STRIP = NO;
				DEBUG_INFORMATION_FORMAT = "dwarf-with-dsym";
				ENABLE_NS_ASSERTIONS = NO;
				ENABLE_STRICT_OBJC_MSGSEND = YES;
				ENABLE_USER_SCRIPT_SANDBOXING = YES;
				GCC_C_LANGUAGE_STANDARD = gnu17;
				GCC_NO_COMMON_BLOCKS = YES;
				GCC_WARN_64_TO_32_BIT_CONVERSION = YES;
				GCC_WARN_ABOUT_RETURN_TYPE = YES_ERROR;
				GCC_WARN_UNDECLARED_SELECTOR = YES;
				GCC_WARN_UNINITIALIZED_AUTOS = YES_AGGRESSIVE;
				GCC_WARN_UNUSED_FUNCTION = YES;
				GCC_WARN_UNUSED_VARIABLE = YES;
				LOCALIZATION_PREFERS_STRING_CATALOGS = YES;
				MACOSX_DEPLOYMENT_TARGET = 14.4;
				MTL_ENABLE_DEBUG_INFO = NO;
				MTL_FAST_MATH = YES;
				SDKROOT = macosx;
				SWIFT_COMPILATION_MODE = wholemodule;
			};
			name = Release;
		};
		B63103742C28760800E3E6F5 /* Debug */ = {
			isa = XCBuildConfiguration;
			buildSettings = {
				ASSETCATALOG_COMPILER_APPICON_NAME = AppIcon;
				ASSETCATALOG_COMPILER_GLOBAL_ACCENT_COLOR_NAME = AccentColor;
				CODE_SIGN_ENTITLEMENTS = SpotLLM/SpotLLM.entitlements;
				CODE_SIGN_STYLE = Automatic;
				COMBINE_HIDPI_IMAGES = YES;
				CURRENT_PROJECT_VERSION = 1;
				DEVELOPMENT_ASSET_PATHS = "\"SpotLLM/Preview Content\"";
				ENABLE_PREVIEWS = YES;
				GENERATE_INFOPLIST_FILE = YES;
				INFOPLIST_KEY_NSHumanReadableCopyright = "";
				LD_RUNPATH_SEARCH_PATHS = (
					"$(inherited)",
					"@executable_path/../Frameworks",
				);
				MARKETING_VERSION = 1.0;
				PRODUCT_BUNDLE_IDENTIFIER = dasco.SpotLLM;
				PRODUCT_NAME = "$(TARGET_NAME)";
				SWIFT_EMIT_LOC_STRINGS = YES;
				SWIFT_VERSION = 5.0;
			};
			name = Debug;
		};
		B63103752C28760800E3E6F5 /* Release */ = {
			isa = XCBuildConfiguration;
			buildSettings = {
				ASSETCATALOG_COMPILER_APPICON_NAME = AppIcon;
				ASSETCATALOG_COMPILER_GLOBAL_ACCENT_COLOR_NAME = AccentColor;
				CODE_SIGN_ENTITLEMENTS = SpotLLM/SpotLLM.entitlements;
				CODE_SIGN_STYLE = Automatic;
				COMBINE_HIDPI_IMAGES = YES;
				CURRENT_PROJECT_VERSION = 1;
				DEVELOPMENT_ASSET_PATHS = "\"SpotLLM/Preview Content\"";
				ENABLE_PREVIEWS = YES;
				GENERATE_INFOPLIST_FILE = YES;
				INFOPLIST_KEY_NSHumanReadableCopyright = "";
				LD_RUNPATH_SEARCH_PATHS = (
					"$(inherited)",
					"@executable_path/../Frameworks",
				);
				MARKETING_VERSION = 1.0;
				PRODUCT_BUNDLE_IDENTIFIER = dasco.SpotLLM;
				PRODUCT_NAME = "$(TARGET_NAME)";
				SWIFT_EMIT_LOC_STRINGS = YES;
				SWIFT_VERSION = 5.0;
			};
			name = Release;
		};
		B63103772C28760800E3E6F5 /* Debug */ = {
			isa = XCBuildConfiguration;
			buildSettings = {
				ALWAYS_EMBED_SWIFT_STANDARD_LIBRARIES = YES;
				BUNDLE_LOADER = "$(TEST_HOST)";
				CODE_SIGN_STYLE = Automatic;
				CURRENT_PROJECT_VERSION = 1;
				GENERATE_INFOPLIST_FILE = YES;
				MACOSX_DEPLOYMENT_TARGET = 14.4;
				MARKETING_VERSION = 1.0;
				PRODUCT_BUNDLE_IDENTIFIER = dasco.SpotLLMTests;
				PRODUCT_NAME = "$(TARGET_NAME)";
				SWIFT_EMIT_LOC_STRINGS = NO;
				SWIFT_VERSION = 5.0;
				TEST_HOST = "$(BUILT_PRODUCTS_DIR)/SpotLLM.app/$(BUNDLE_EXECUTABLE_FOLDER_PATH)/SpotLLM";
			};
			name = Debug;
		};
		B63103782C28760800E3E6F5 /* Release */ = {
			isa = XCBuildConfiguration;
			buildSettings = {
				ALWAYS_EMBED_SWIFT_STANDARD_LIBRARIES = YES;
				BUNDLE_LOADER = "$(TEST_HOST)";
				CODE_SIGN_STYLE = Automatic;
				CURRENT_PROJECT_VERSION = 1;
				GENERATE_INFOPLIST_FILE = YES;
				MACOSX_DEPLOYMENT_TARGET = 14.4;
				MARKETING_VERSION = 1.0;
				PRODUCT_BUNDLE_IDENTIFIER = dasco.SpotLLMTests;
				PRODUCT_NAME = "$(TARGET_NAME)";
				SWIFT_EMIT_LOC_STRINGS = NO;
				SWIFT_VERSION = 5.0;
				TEST_HOST = "$(BUILT_PRODUCTS_DIR)/SpotLLM.app/$(BUNDLE_EXECUTABLE_FOLDER_PATH)/SpotLLM";
			};
			name = Release;
		};
		B631037A2C28760800E3E6F5 /* Debug */ = {
			isa = XCBuildConfiguration;
			buildSettings = {
				ALWAYS_EMBED_SWIFT_STANDARD_LIBRARIES = YES;
				CODE_SIGN_STYLE = Automatic;
				CURRENT_PROJECT_VERSION = 1;
				GENERATE_INFOPLIST_FILE = YES;
				MARKETING_VERSION = 1.0;
				PRODUCT_BUNDLE_IDENTIFIER = dasco.SpotLLMUITests;
				PRODUCT_NAME = "$(TARGET_NAME)";
				SWIFT_EMIT_LOC_STRINGS = NO;
				SWIFT_VERSION = 5.0;
				TEST_TARGET_NAME = SpotLLM;
			};
			name = Debug;
		};
		B631037B2C28760800E3E6F5 /* Release */ = {
			isa = XCBuildConfiguration;
			buildSettings = {
				ALWAYS_EMBED_SWIFT_STANDARD_LIBRARIES = YES;
				CODE_SIGN_STYLE = Automatic;
				CURRENT_PROJECT_VERSION = 1;
				GENERATE_INFOPLIST_FILE = YES;
				MARKETING_VERSION = 1.0;
				PRODUCT_BUNDLE_IDENTIFIER = dasco.SpotLLMUITests;
				PRODUCT_NAME = "$(TARGET_NAME)";
				SWIFT_EMIT_LOC_STRINGS = NO;
				SWIFT_VERSION = 5.0;
				TEST_TARGET_NAME = SpotLLM;
			};
			name = Release;
		};
/* End XCBuildConfiguration section */

/* Begin XCConfigurationList section */
		B63103492C28760700E3E6F5 /* Build configuration list for PBXProject "SpotLLM" */ = {
			isa = XCConfigurationList;
			buildConfigurations = (
				B63103712C28760800E3E6F5 /* Debug */,
				B63103722C28760800E3E6F5 /* Release */,
			);
			defaultConfigurationIsVisible = 0;
			defaultConfigurationName = Release;
		};
		B63103732C28760800E3E6F5 /* Build configuration list for PBXNativeTarget "SpotLLM" */ = {
			isa = XCConfigurationList;
			buildConfigurations = (
				B63103742C28760800E3E6F5 /* Debug */,
				B63103752C28760800E3E6F5 /* Release */,
			);
			defaultConfigurationIsVisible = 0;
			defaultConfigurationName = Release;
		};
		B63103762C28760800E3E6F5 /* Build configuration list for PBXNativeTarget "SpotLLMTests" */ = {
			isa = XCConfigurationList;
			buildConfigurations = (
				B63103772C28760800E3E6F5 /* Debug */,
				B63103782C28760800E3E6F5 /* Release */,
			);
			defaultConfigurationIsVisible = 0;
			defaultConfigurationName = Release;
		};
		B63103792C28760800E3E6F5 /* Build configuration list for PBXNativeTarget "SpotLLMUITests" */ = {
			isa = XCConfigurationList;
			buildConfigurations = (
				B631037A2C28760800E3E6F5 /* Debug */,
				B631037B2C28760800E3E6F5 /* Release */,
			);
			defaultConfigurationIsVisible = 0;
			defaultConfigurationName = Release;
		};
/* End XCConfigurationList section */
	};
	rootObject = B63103462C28760700E3E6F5 /* Project object */;
}
